# THIS IS AN AUTOGENERATED FILE. DO NOT EDIT THIS FILE DIRECTLY.
# yarn lockfile v1


"@hotwired/turbo-rails@^7.0.0-beta.2":
  version "7.0.0-beta.2"
  resolved "https://registry.yarnpkg.com/@hotwired/turbo-rails/-/turbo-rails-7.0.0-beta.2.tgz#f481a5979916311dc1c9d5502a2c5444b0d8d0aa"
  integrity sha512-g79cjM+rW9zF73DsP0o3XAvXjvIj52B4FYXOL4gO48rWV+0P2sfrOvE04GlvN0C4FsWNbrd6zGDo5Dd7siQZQg==
  dependencies:
    "@hotwired/turbo" "^7.0.0-beta.1"
    "@rails/actioncable" "^6.1.0"

"@hotwired/turbo@^7.0.0-beta.1":
  version "7.0.0-beta.1"
  resolved "https://registry.yarnpkg.com/@hotwired/turbo/-/turbo-7.0.0-beta.1.tgz#0111db8a80a7bb308c4cfdd2720112d06bf25c33"
  integrity sha512-V7hhELbDkYUGaHw/Yw4tu9pDUT1WE4t3A7tRs7Zh0Uwtk2vaJnmykNZ2uq20BnLjofufA1+MLJZ6AXJ3B/Il5A==

"@rails/actioncable@^6.0.0":
  version "6.0.3"
  resolved "https://registry.yarnpkg.com/@rails/actioncable/-/actioncable-6.0.3.tgz#722b4b639936129307ddbab3a390f6bcacf3e7bc"
  integrity sha512-I01hgqxxnOgOtJTGlq0ZsGJYiTEEiSGVEGQn3vimZSqEP1HqzyFNbzGTq14Xdyeow2yGJjygjoFF1pmtE+SQaw==

"@rails/actioncable@^6.1.0":
  version "6.1.0"
  resolved "https://registry.yarnpkg.com/@rails/actioncable/-/actioncable-6.1.0.tgz#f336f25450b1bc43b99bc60557a70b6e6bb1d3d2"
  integrity sha512-eDgy+vcKN9RIzxmMBfSAe77rTj2cp6kJALiVQyKrW2O9EK2MdostOmP+99At/Dit3ur5+77NVnruxD7y14ZYFA==

"@rails/activestorage@^6.0.0":
  version "6.0.3"
  resolved "https://registry.yarnpkg.com/@rails/activestorage/-/activestorage-6.0.3.tgz#401d2a28ecb7167cdb5e830ffddaa17c308c31aa"
  integrity sha512-YdNwyfryHlcKj7Ruix89wZ2aiN3KTYULdW1Y/hNlHJlrY2/PXjT2YBTzZiVd+dcjrwHBsXV2rExdy+Z/lsrlEg==
  dependencies:
    spark-md5 "^3.0.0"

"@rails/ujs@^6.0.0":
  version "6.0.3"
  resolved "https://registry.yarnpkg.com/@rails/ujs/-/ujs-6.0.3.tgz#e68a03278e30daea6a110aac5dfa33c60c53055d"
  integrity sha512-CM9OEvoN9eXkaX7PXEnbsQLULJ97b9rVmwliZbz/iBOERLJ68Rk3ClJe+fQEMKU4CBZfky2lIRnfslOdUs9SLQ==

spark-md5@^3.0.0:
  version "3.0.1"
  resolved "https://registry.yarnpkg.com/spark-md5/-/spark-md5-3.0.1.tgz#83a0e255734f2ab4e5c466e5a2cfc9ba2aa2124d"
  integrity sha512-0tF3AGSD1ppQeuffsLDIOWlKUd3lS92tFxcsrh5Pe3ZphhnoK+oXIBTzOAThZCiuINZLvpiLH/1VS1/ANEJVig==

stimulus-rails-nested-form@^4.0.0:
  version "4.0.0"
  resolved "https://registry.yarnpkg.com/stimulus-rails-nested-form/-/stimulus-rails-nested-form-4.0.0.tgz#cb9295a70081b6e1b9b05250533b1f92a9902d3b"
  integrity sha512-nE2dM0glgjBvUq/gzORJ+94wITOijoYMZWIrkXSNNH8BpELwH8zg9fuad0X+ZBrhjQrYuNW2R0zLgX69oIzMvw==
