# THIS IS AN AUTOGENERATED FILE. DO NOT EDIT THIS FILE DIRECTLY.
# yarn lockfile v1


"@babel/code-frame@^7.0.0":
  version "7.10.4"
  resolved "https://registry.yarnpkg.com/@babel/code-frame/-/code-frame-7.10.4.tgz#168da1a36e90da68ae8d49c0f1b48c7c6249213a"
  integrity sha512-vG6SvB6oYEhvgisZNFRmRCUkLz11c7rp+tbNTynGqc6mS1d5ATd/sGyV6W0KZZnXRKMTzZDRgQT3Ou9jhpAfUg==
  dependencies:
    "@babel/highlight" "^7.10.4"

"@babel/helper-validator-identifier@^7.10.4":
  version "7.10.4"
  resolved "https://registry.yarnpkg.com/@babel/helper-validator-identifier/-/helper-validator-identifier-7.10.4.tgz#a78c7a7251e01f616512d31b10adcf52ada5e0d2"
  integrity sha512-3U9y+43hz7ZM+rzG24Qe2mufW5KhvFg/NhnNph+i9mgCtdTCtMJuI1TMkrIUiK7Ix4PYlRF9I5dhqaLYA/ADXw==

"@babel/highlight@^7.10.4":
  version "7.10.4"
  resolved "https://registry.yarnpkg.com/@babel/highlight/-/highlight-7.10.4.tgz#7d1bdfd65753538fabe6c38596cdb76d9ac60143"
  integrity sha512-i6rgnR/YgPEQzZZnbTHHuZdlE8qyoBNalD6F+q4vAFlcMEcqmkoG+mPqJYJCo63qPf74+Y1UZsl3l6f7/RIkmA==
  dependencies:
    "@babel/helper-validator-identifier" "^7.10.4"
    chalk "^2.0.0"
    js-tokens "^4.0.0"

"@hotwired/turbo-rails@^7.0.0-beta.2":
  version "7.0.0-beta.2"
  resolved "https://registry.yarnpkg.com/@hotwired/turbo-rails/-/turbo-rails-7.0.0-beta.2.tgz#f481a5979916311dc1c9d5502a2c5444b0d8d0aa"
  integrity sha512-g79cjM+rW9zF73DsP0o3XAvXjvIj52B4FYXOL4gO48rWV+0P2sfrOvE04GlvN0C4FsWNbrd6zGDo5Dd7siQZQg==
  dependencies:
    "@hotwired/turbo" "^7.0.0-beta.1"
    "@rails/actioncable" "^6.1.0"

"@hotwired/turbo@^7.0.0-beta.1":
  version "7.0.0-beta.1"
  resolved "https://registry.yarnpkg.com/@hotwired/turbo/-/turbo-7.0.0-beta.1.tgz#0111db8a80a7bb308c4cfdd2720112d06bf25c33"
  integrity sha512-V7hhELbDkYUGaHw/Yw4tu9pDUT1WE4t3A7tRs7Zh0Uwtk2vaJnmykNZ2uq20BnLjofufA1+MLJZ6AXJ3B/Il5A==

"@nodelib/fs.scandir@2.1.5":
  version "2.1.5"
  resolved "https://registry.yarnpkg.com/@nodelib/fs.scandir/-/fs.scandir-2.1.5.tgz#7619c2eb21b25483f6d167548b4cfd5a7488c3d5"
  integrity sha512-vq24Bq3ym5HEQm2NKCr3yXDwjc7vTsEThRDnkp2DK9p1uqLR+DHurm/NOTo0KG7HYHU7eppKZj3MyqYuMBf62g==
  dependencies:
    "@nodelib/fs.stat" "2.0.5"
    run-parallel "^1.1.9"

"@nodelib/fs.stat@2.0.5", "@nodelib/fs.stat@^2.0.2":
  version "2.0.5"
  resolved "https://registry.yarnpkg.com/@nodelib/fs.stat/-/fs.stat-2.0.5.tgz#5bd262af94e9d25bd1e71b05deed44876a222e8b"
  integrity sha512-RkhPPp2zrqDAQA/2jNhnztcPAlv64XdhIp7a7454A5ovI7Bukxgt7MX7udwAu3zg1DcpPU0rz3VV1SeaqvY4+A==

"@nodelib/fs.walk@^1.2.3":
  version "1.2.8"
  resolved "https://registry.yarnpkg.com/@nodelib/fs.walk/-/fs.walk-1.2.8.tgz#e95737e8bb6746ddedf69c556953494f196fe69a"
  integrity sha512-oGB+UxlgWcgQkgwo8GcEGwemoTFt3FIO9ababBmaGwXIoBKZ+GTy0pP185beGg7Llih/NSHSV2XAs1lnznocSg==
  dependencies:
    "@nodelib/fs.scandir" "2.1.5"
    fastq "^1.6.0"

"@rails/actioncable@^6.0.0":
  version "6.0.3"
  resolved "https://registry.yarnpkg.com/@rails/actioncable/-/actioncable-6.0.3.tgz#722b4b639936129307ddbab3a390f6bcacf3e7bc"
  integrity sha512-I01hgqxxnOgOtJTGlq0ZsGJYiTEEiSGVEGQn3vimZSqEP1HqzyFNbzGTq14Xdyeow2yGJjygjoFF1pmtE+SQaw==

"@rails/actioncable@^6.1.0":
  version "6.1.0"
  resolved "https://registry.yarnpkg.com/@rails/actioncable/-/actioncable-6.1.0.tgz#f336f25450b1bc43b99bc60557a70b6e6bb1d3d2"
  integrity sha512-eDgy+vcKN9RIzxmMBfSAe77rTj2cp6kJALiVQyKrW2O9EK2MdostOmP+99At/Dit3ur5+77NVnruxD7y14ZYFA==

"@rails/activestorage@^6.0.0":
  version "6.0.3"
  resolved "https://registry.yarnpkg.com/@rails/activestorage/-/activestorage-6.0.3.tgz#401d2a28ecb7167cdb5e830ffddaa17c308c31aa"
  integrity sha512-YdNwyfryHlcKj7Ruix89wZ2aiN3KTYULdW1Y/hNlHJlrY2/PXjT2YBTzZiVd+dcjrwHBsXV2rExdy+Z/lsrlEg==
  dependencies:
    spark-md5 "^3.0.0"

"@rails/ujs@^6.0.0":
  version "6.0.3"
  resolved "https://registry.yarnpkg.com/@rails/ujs/-/ujs-6.0.3.tgz#e68a03278e30daea6a110aac5dfa33c60c53055d"
  integrity sha512-CM9OEvoN9eXkaX7PXEnbsQLULJ97b9rVmwliZbz/iBOERLJ68Rk3ClJe+fQEMKU4CBZfky2lIRnfslOdUs9SLQ==

"@types/parse-json@^4.0.0":
  version "4.0.0"
  resolved "https://registry.yarnpkg.com/@types/parse-json/-/parse-json-4.0.0.tgz#2f8bb441434d163b35fb8ffdccd7138927ffb8c0"
  integrity sha512-//oorEZjL6sbPcKUaCdIGlIUeH26mgzimjBB77G6XRgnDl/L5wOnpyBGRe/Mmf5CVW3PwEBE1NjiMZ/ssFh4wA==

"@vue/component-compiler-utils@^3.1.0":
  version "3.2.0"
  resolved "https://registry.yarnpkg.com/@vue/component-compiler-utils/-/component-compiler-utils-3.2.0.tgz#8f85182ceed28e9b3c75313de669f83166d11e5d"
  integrity sha512-lejBLa7xAMsfiZfNp7Kv51zOzifnb29FwdnMLa96z26kXErPFioSf9BMcePVIQ6/Gc6/mC0UrPpxAWIHyae0vw==
  dependencies:
    consolidate "^0.15.1"
    hash-sum "^1.0.2"
    lru-cache "^4.1.2"
    merge-source-map "^1.1.0"
    postcss "^7.0.14"
    postcss-selector-parser "^6.0.2"
    source-map "~0.6.1"
    vue-template-es2015-compiler "^1.9.0"
  optionalDependencies:
    prettier "^1.18.2"

acorn-node@^1.6.1:
  version "1.8.2"
  resolved "https://registry.yarnpkg.com/acorn-node/-/acorn-node-1.8.2.tgz#114c95d64539e53dede23de8b9d96df7c7ae2af8"
  integrity sha512-8mt+fslDufLYntIoPAaIMUe/lrbrehIiwmR3t2k9LljIzoigEPF27eLk2hy8zSGzmR/ogr7zbRKINMo1u0yh5A==
  dependencies:
    acorn "^7.0.0"
    acorn-walk "^7.0.0"
    xtend "^4.0.2"

acorn-walk@^7.0.0:
  version "7.2.0"
  resolved "https://registry.yarnpkg.com/acorn-walk/-/acorn-walk-7.2.0.tgz#0de889a601203909b0fbe07b8938dc21d2e967bc"
  integrity sha512-OPdCF6GsMIP+Az+aWfAAOEt2/+iVDKE7oy6lJ098aoe59oAmK76qV6Gw60SbZ8jHuG2wH058GF4pLFbYamYrVA==

acorn@^7.0.0:
  version "7.4.1"
  resolved "https://registry.yarnpkg.com/acorn/-/acorn-7.4.1.tgz#feaed255973d2e77555b83dbc08851a6c63520fa"
  integrity sha512-nQyp0o1/mNdbTO1PO6kHkwSrmgZ0MT/jCCpNiwbUjGoRN4dlBhqJtoQuCnEOKzgTVwg0ZWiCoQy6SxMebQVh8A==

ansi-styles@^3.2.1:
  version "3.2.1"
  resolved "https://registry.yarnpkg.com/ansi-styles/-/ansi-styles-3.2.1.tgz#41fbb20243e50b12be0f04b8dedbf07520ce841d"
  integrity sha512-VT0ZI6kZRdTh8YyJw3SMbYm/u+NqfsAxEpWO0Pf9sq8/e94WxxOpPKx9FR1FlyCtOVDNOQ+8ntlqFxiRc+r5qA==
  dependencies:
    color-convert "^1.9.0"

ansi-styles@^4.1.0:
  version "4.3.0"
  resolved "https://registry.yarnpkg.com/ansi-styles/-/ansi-styles-4.3.0.tgz#edd803628ae71c04c85ae7a0906edad34b648937"
  integrity sha512-zbB9rCJAT1rbjiVDb2hqKFHNYLxgtk8NURxZ3IZwD3F6NtxbXZQCnnSi1Lkx+IDohdPlFp222wVALIheZJQSEg==
  dependencies:
    color-convert "^2.0.1"

anymatch@~3.1.2:
  version "3.1.2"
  resolved "https://registry.yarnpkg.com/anymatch/-/anymatch-3.1.2.tgz#c0557c096af32f106198f4f4e2a383537e378716"
  integrity sha512-P43ePfOAIupkguHUycrc4qJ9kz8ZiuOUijaETwX7THt0Y/GNK7v0aa8rY816xWjZ7rJdA5XdMcpVFTKMq+RvWg==
  dependencies:
    normalize-path "^3.0.0"
    picomatch "^2.0.4"

arg@^5.0.1:
  version "5.0.1"
  resolved "https://registry.yarnpkg.com/arg/-/arg-5.0.1.tgz#eb0c9a8f77786cad2af8ff2b862899842d7b6adb"
  integrity sha512-e0hDa9H2Z9AwFkk2qDlwhoMYE4eToKarchkQHovNdLTCYMHZHeRjI71crOh+dio4K6u1IcwubQqo79Ga4CyAQA==

autoprefixer@^10.4.2:
  version "10.4.2"
  resolved "https://registry.yarnpkg.com/autoprefixer/-/autoprefixer-10.4.2.tgz#25e1df09a31a9fba5c40b578936b90d35c9d4d3b"
  integrity sha512-9fOPpHKuDW1w/0EKfRmVnxTDt8166MAnLI3mgZ1JCnhNtYWxcJ6Ud5CO/AVOZi/AvFa8DY9RTy3h3+tFBlrrdQ==
  dependencies:
    browserslist "^4.19.1"
    caniuse-lite "^1.0.30001297"
    fraction.js "^4.1.2"
    normalize-range "^0.1.2"
    picocolors "^1.0.0"
    postcss-value-parser "^4.2.0"

big.js@^5.2.2:
  version "5.2.2"
  resolved "https://registry.yarnpkg.com/big.js/-/big.js-5.2.2.tgz#65f0af382f578bcdc742bd9c281e9cb2d7768328"
  integrity sha512-vyL2OymJxmarO8gxMr0mhChsO9QGwhynfuu4+MHTAW6czfq9humCB7rKpUjDd9YUiDPU4mzpyupFSvOClAwbmQ==

binary-extensions@^2.0.0:
  version "2.2.0"
  resolved "https://registry.yarnpkg.com/binary-extensions/-/binary-extensions-2.2.0.tgz#75f502eeaf9ffde42fc98829645be4ea76bd9e2d"
  integrity sha512-jDctJ/IVQbZoJykoeHbhXpOlNBqGNcwXJKJog42E5HDPUwQTSdjCHdihjj0DlnheQ7blbT6dHOafNAiS8ooQKA==

bluebird@^3.1.1:
  version "3.7.2"
  resolved "https://registry.yarnpkg.com/bluebird/-/bluebird-3.7.2.tgz#9f229c15be272454ffa973ace0dbee79a1b0c36f"
  integrity sha512-XpNj6GDQzdfW+r2Wnn7xiSAd7TM3jzkxGXBGTtWKuSXv1xUV+azxAm8jdWZN06QTQk+2N2XB9jRDkvbmQmcRtg==

braces@^3.0.1, braces@~3.0.2:
  version "3.0.2"
  resolved "https://registry.yarnpkg.com/braces/-/braces-3.0.2.tgz#3454e1a462ee8d599e236df336cd9ea4f8afe107"
  integrity sha512-b8um+L1RzM3WDSzvhm6gIz1yfTbBt6YTlcEKAvsmqCZZFw46z626lVj9j1yEPW33H5H+lBQpZMP1k8l+78Ha0A==
  dependencies:
    fill-range "^7.0.1"

browserslist@^4.19.1:
  version "4.19.1"
  resolved "https://registry.yarnpkg.com/browserslist/-/browserslist-4.19.1.tgz#4ac0435b35ab655896c31d53018b6dd5e9e4c9a3"
  integrity sha512-u2tbbG5PdKRTUoctO3NBD8FQ5HdPh1ZXPHzp1rwaa5jTc+RV9/+RlWiAIKmjRPQF+xbGM9Kklj5bZQFa2s/38A==
  dependencies:
    caniuse-lite "^1.0.30001286"
    electron-to-chromium "^1.4.17"
    escalade "^3.1.1"
    node-releases "^2.0.1"
    picocolors "^1.0.0"

callsites@^3.0.0:
  version "3.1.0"
  resolved "https://registry.yarnpkg.com/callsites/-/callsites-3.1.0.tgz#b3630abd8943432f54b3f0519238e33cd7df2f73"
  integrity sha512-P8BjAsXvZS+VIDUI11hHCQEv74YT67YUi5JJFNWIqL235sBmjX4+qx9Muvls5ivyNENctx46xQLQ3aTuE7ssaQ==

camelcase-css@^2.0.1:
  version "2.0.1"
  resolved "https://registry.yarnpkg.com/camelcase-css/-/camelcase-css-2.0.1.tgz#ee978f6947914cc30c6b44741b6ed1df7f043fd5"
  integrity sha512-QOSvevhslijgYwRx6Rv7zKdMF8lbRmx+uQGx2+vDc+KI/eBnsy9kit5aj23AgGu3pa4t9AgwbnXWqS+iOY+2aA==

caniuse-lite@^1.0.30001286, caniuse-lite@^1.0.30001297:
  version "1.0.30001304"
  resolved "https://registry.yarnpkg.com/caniuse-lite/-/caniuse-lite-1.0.30001304.tgz#38af55ed3fc8220cb13e35e6e7309c8c65a05559"
  integrity sha512-bdsfZd6K6ap87AGqSHJP/s1V+U6Z5lyrcbBu3ovbCCf8cSYpwTtGrCBObMpJqwxfTbLW6YTIdbb1jEeTelcpYQ==

chalk@^2.0.0:
  version "2.4.2"
  resolved "https://registry.yarnpkg.com/chalk/-/chalk-2.4.2.tgz#cd42541677a54333cf541a49108c1432b44c9424"
  integrity sha512-Mti+f9lpJNcwF4tWV8/OrTTtF1gZi+f8FqlyAdouralcFWFQWF2+NgCHShjkCb+IFBLq9buZwE1xckQU4peSuQ==
  dependencies:
    ansi-styles "^3.2.1"
    escape-string-regexp "^1.0.5"
    supports-color "^5.3.0"

chalk@^4.1.2:
  version "4.1.2"
  resolved "https://registry.yarnpkg.com/chalk/-/chalk-4.1.2.tgz#aac4e2b7734a740867aeb16bf02aad556a1e7a01"
  integrity sha512-oKnbhFyRIXpUuez8iBMmyEa4nbj4IOQyuhc/wy9kY7/WVPcwIO9VA668Pu8RkO7+0G76SLROeyw9CpQ061i4mA==
  dependencies:
    ansi-styles "^4.1.0"
    supports-color "^7.1.0"

chokidar@^3.5.3:
  version "3.5.3"
  resolved "https://registry.yarnpkg.com/chokidar/-/chokidar-3.5.3.tgz#1cf37c8707b932bd1af1ae22c0432e2acd1903bd"
  integrity sha512-Dr3sfKRP6oTcjf2JmUmFJfeVMvXBdegxB0iVQ5eb2V10uFJUCAS8OByZdVAyVb8xXNz3GjjTgj9kLWsZTqE6kw==
  dependencies:
    anymatch "~3.1.2"
    braces "~3.0.2"
    glob-parent "~5.1.2"
    is-binary-path "~2.1.0"
    is-glob "~4.0.1"
    normalize-path "~3.0.0"
    readdirp "~3.6.0"
  optionalDependencies:
    fsevents "~2.3.2"

color-convert@^1.9.0:
  version "1.9.3"
  resolved "https://registry.yarnpkg.com/color-convert/-/color-convert-1.9.3.tgz#bb71850690e1f136567de629d2d5471deda4c1e8"
  integrity sha512-QfAUtd+vFdAtFQcC8CCyYt1fYWxSqAiK2cSD6zDB8N3cpsEBAvRxp9zOGg6G/SHHJYAT88/az/IuDGALsNVbGg==
  dependencies:
    color-name "1.1.3"

color-convert@^2.0.1:
  version "2.0.1"
  resolved "https://registry.yarnpkg.com/color-convert/-/color-convert-2.0.1.tgz#72d3a68d598c9bdb3af2ad1e84f21d896abd4de3"
  integrity sha512-RRECPsj7iu/xb5oKYcsFHSppFNnsj/52OVTRKb4zP5onXwVF3zVmmToNcOfGC+CRDpfK/U584fMg38ZHCaElKQ==
  dependencies:
    color-name "~1.1.4"

color-name@1.1.3:
  version "1.1.3"
  resolved "https://registry.yarnpkg.com/color-name/-/color-name-1.1.3.tgz#a7d0558bd89c42f795dd42328f740831ca53bc25"
  integrity sha1-p9BVi9icQveV3UIyj3QIMcpTvCU=

color-name@^1.1.4, color-name@~1.1.4:
  version "1.1.4"
  resolved "https://registry.yarnpkg.com/color-name/-/color-name-1.1.4.tgz#c2a09a87acbde69543de6f63fa3995c826c536a2"
  integrity sha512-dOy+3AuW3a2wNbZHIuMZpTcgjGuLU/uBL/ubcZF9OXbDo8ff4O8yVp5Bf0efS8uEoYo5q4Fx7dY9OgQGXgAsQA==

consolidate@^0.15.1:
  version "0.15.1"
  resolved "https://registry.yarnpkg.com/consolidate/-/consolidate-0.15.1.tgz#21ab043235c71a07d45d9aad98593b0dba56bab7"
  integrity sha512-DW46nrsMJgy9kqAbPt5rKaCr7uFtpo4mSUvLHIUbJEjm0vo+aY5QLwBUq3FK4tRnJr/X0Psc0C4jf/h+HtXSMw==
  dependencies:
    bluebird "^3.1.1"

cosmiconfig@^7.0.1:
  version "7.0.1"
  resolved "https://registry.yarnpkg.com/cosmiconfig/-/cosmiconfig-7.0.1.tgz#714d756522cace867867ccb4474c5d01bbae5d6d"
  integrity sha512-a1YWNUV2HwGimB7dU2s1wUMurNKjpx60HxBB6xUM8Re+2s1g1IIfJvFR0/iCF+XHdE0GMTKTuLR32UQff4TEyQ==
  dependencies:
    "@types/parse-json" "^4.0.0"
    import-fresh "^3.2.1"
    parse-json "^5.0.0"
    path-type "^4.0.0"
    yaml "^1.10.0"

cssesc@^3.0.0:
  version "3.0.0"
  resolved "https://registry.yarnpkg.com/cssesc/-/cssesc-3.0.0.tgz#37741919903b868565e1c09ea747445cd18983ee"
  integrity sha512-/Tb/JcjK111nNScGob5MNtsntNM1aCNUDipB/TkwZFhyDrrE47SOx/18wF2bbjgc3ZzCSKW1T5nt5EbFoAz/Vg==

de-indent@^1.0.2:
  version "1.0.2"
  resolved "https://registry.yarnpkg.com/de-indent/-/de-indent-1.0.2.tgz#b2038e846dc33baa5796128d0804b455b8c1e21d"
  integrity sha1-sgOOhG3DO6pXlhKNCAS0VbjB4h0=

defined@^1.0.0:
  version "1.0.0"
  resolved "https://registry.yarnpkg.com/defined/-/defined-1.0.0.tgz#c98d9bcef75674188e110969151199e39b1fa693"
  integrity sha1-yY2bzvdWdBiOEQlpFRGZ45sfppM=

detective@^5.2.0:
  version "5.2.0"
  resolved "https://registry.yarnpkg.com/detective/-/detective-5.2.0.tgz#feb2a77e85b904ecdea459ad897cc90a99bd2a7b"
  integrity sha512-6SsIx+nUUbuK0EthKjv0zrdnajCCXVYGmbYYiYjFVpzcjwEs/JMDZ8tPRG29J/HhN56t3GJp2cGSWDRjjot8Pg==
  dependencies:
    acorn-node "^1.6.1"
    defined "^1.0.0"
    minimist "^1.1.1"

didyoumean@^1.2.2:
  version "1.2.2"
  resolved "https://registry.yarnpkg.com/didyoumean/-/didyoumean-1.2.2.tgz#989346ffe9e839b4555ecf5666edea0d3e8ad037"
  integrity sha512-gxtyfqMg7GKyhQmb056K7M3xszy/myH8w+B4RT+QXBQsvAOdc3XymqDDPHx1BgPgsdAA5SIifona89YtRATDzw==

dlv@^1.1.3:
  version "1.1.3"
  resolved "https://registry.yarnpkg.com/dlv/-/dlv-1.1.3.tgz#5c198a8a11453596e751494d49874bc7732f2e79"
  integrity sha512-+HlytyjlPKnIG8XuRG8WvmBP8xs8P71y+SKKS6ZXWoEgLuePxtDoUEiH7WkdePWrQ5JBpE6aoVqfZfJUQkjXwA==

electron-to-chromium@^1.4.17:
  version "1.4.59"
  resolved "https://registry.yarnpkg.com/electron-to-chromium/-/electron-to-chromium-1.4.59.tgz#657f2588c048fb95975779f8fea101fad854de89"
  integrity sha512-AOJ3cAE0TWxz4fQ9zkND5hWrQg16nsZKVz9INOot1oV//u4wWu5xrj9CQMmPTYskkZRunSRc9sAnr4EkexXokg==

emojis-list@^3.0.0:
  version "3.0.0"
  resolved "https://registry.yarnpkg.com/emojis-list/-/emojis-list-3.0.0.tgz#5570662046ad29e2e916e71aae260abdff4f6a78"
  integrity sha512-/kyM18EfinwXZbno9FyUGeFh87KC8HRQBQGildHZbEuRyWFOmv1U10o9BBp8XVZDVNNuQKyIGIu5ZYAAXJ0V2Q==

error-ex@^1.3.1:
  version "1.3.2"
  resolved "https://registry.yarnpkg.com/error-ex/-/error-ex-1.3.2.tgz#b4ac40648107fdcdcfae242f428bea8a14d4f1bf"
  integrity sha512-7dFHNmqeFSEt2ZBsCriorKnn3Z2pj+fd9kmI6QoWw4//DL+icEBfc0U7qJCisqrTsKTjw4fNFy2pW9OqStD84g==
  dependencies:
    is-arrayish "^0.2.1"

esbuild-android-arm64@0.14.16:
  version "0.14.16"
  resolved "https://registry.yarnpkg.com/esbuild-android-arm64/-/esbuild-android-arm64-0.14.16.tgz#75dceceffd05fd8127e3590298bf057e04d20602"
  integrity sha512-9qRiUXiV0qIa4Dfv+GLKsk/HHOq3U9qh8yZK9iX0awlzLPFb38NJrNTGtb/TeI6AyyZqsGgwLm/JeJ1UtEN9Aw==

esbuild-darwin-64@0.14.16:
  version "0.14.16"
  resolved "https://registry.yarnpkg.com/esbuild-darwin-64/-/esbuild-darwin-64-0.14.16.tgz#75966d579e3b5d2ec3ef932055022bc2aa2ffcda"
  integrity sha512-1Xa86DpTJFRffA7go0pqUdC0ggxxGxjsrnrvA2nHBVHNf9Ix/cgGuPfxZwf3fRZxDDAT2RdqF5SRZzLYvUCtZQ==

esbuild-darwin-arm64@0.14.16:
  version "0.14.16"
  resolved "https://registry.yarnpkg.com/esbuild-darwin-arm64/-/esbuild-darwin-arm64-0.14.16.tgz#99be1261815ad2bccbd8d63e9a58ae3239365bb6"
  integrity sha512-a0Tp0tec/s5hYT6OiJ2zvfH/6IfXFCH406yqFfXe5u8Nfo6l6IG33L7nqCYCEPnBLF7oYfZk6Re0VDwpgK18kQ==

esbuild-freebsd-64@0.14.16:
  version "0.14.16"
  resolved "https://registry.yarnpkg.com/esbuild-freebsd-64/-/esbuild-freebsd-64-0.14.16.tgz#ac7377802b362a73857907781d54633d5b61344a"
  integrity sha512-FqEdOphRS5kJ8MFqQ21Y0yducmwcFHmpkceLkup1kpsGChr3PGO7DfzXmF5fECNnMxRpk/jgk7e6nV4zXTau/A==

esbuild-freebsd-arm64@0.14.16:
  version "0.14.16"
  resolved "https://registry.yarnpkg.com/esbuild-freebsd-arm64/-/esbuild-freebsd-arm64-0.14.16.tgz#e99c43e5079e4744447882beb01769b2bb0e7d2f"
  integrity sha512-4Au4zR0//Df1v6FuWJEMZFRzaF69FvxHgSmKjikq7x6Ect+h4TbJKkblC3eDrfTA8L6l5bB1vhh0dbKq4zBy5Q==

esbuild-linux-32@0.14.16:
  version "0.14.16"
  resolved "https://registry.yarnpkg.com/esbuild-linux-32/-/esbuild-linux-32-0.14.16.tgz#0d346977f00a93459c31e180d25fb6d36ba21aa8"
  integrity sha512-HundAiQCa0ut7PXq3lmRZY7H3/OYh27wkJ97S7jjCgWmcd5To6Bs8UBVB7I4Qi9lNk/Yty0INnqq9on1WR8JUA==

esbuild-linux-64@0.14.16:
  version "0.14.16"
  resolved "https://registry.yarnpkg.com/esbuild-linux-64/-/esbuild-linux-64-0.14.16.tgz#2c1f2222fa888397530ef625930f74b13c116f7c"
  integrity sha512-fG8MgVmQknIuYCHFOq+9iKLyygjPun+VkNH9ZIdRQrSzb3CFdEkNm+Suq5w8W+WjA/P0OIdrQ/mXXCoHCQTWSQ==

esbuild-linux-arm64@0.14.16:
  version "0.14.16"
  resolved "https://registry.yarnpkg.com/esbuild-linux-arm64/-/esbuild-linux-arm64-0.14.16.tgz#666bf0853184684021f8f5c1781f1e898a35a5b0"
  integrity sha512-7WF1rHsPVXhme2B6ceZZABxFwCiZfMRIJO7yRiLahIdDkwfhSTR6M0a6OwO/NsLJH9fax5GdwBOIBoG5Hkz4gA==

esbuild-linux-arm@0.14.16:
  version "0.14.16"
  resolved "https://registry.yarnpkg.com/esbuild-linux-arm/-/esbuild-linux-arm-0.14.16.tgz#460ff025676544988ff3b4c2ca265f0bcd203baf"
  integrity sha512-0NDVeuvWska0d4Rd8R3+lWEyKaIbAxDuRAeeU6a2xaUXrTG2IPhGNLWc4NbVMbnkGqRqKB4PLdk/YaTUZjKFHQ==

esbuild-linux-mips64le@0.14.16:
  version "0.14.16"
  resolved "https://registry.yarnpkg.com/esbuild-linux-mips64le/-/esbuild-linux-mips64le-0.14.16.tgz#9ae987cbc24a87a0a9ca2a3e9feec0789727460f"
  integrity sha512-RLNaTRdcQ81QckeIjbk1hCrgmrL6VoZBsYT8ak9ObNQzXEJNMlxOBixaF6rhW8UUYRpTpFuoYHeNya8xY884/A==

esbuild-linux-ppc64le@0.14.16:
  version "0.14.16"
  resolved "https://registry.yarnpkg.com/esbuild-linux-ppc64le/-/esbuild-linux-ppc64le-0.14.16.tgz#8eb7c77aa4cdca994ad6b89f6024ae2317d3bb98"
  integrity sha512-ky0Ii2Jmyc00FzGT2audU0UmnBVrVevYmKW10DXLPcHGhbhzJdFRemXLvvzhDM8WD9IMJK3uV6ifJzkKrv8IQA==

esbuild-linux-s390x@0.14.16:
  version "0.14.16"
  resolved "https://registry.yarnpkg.com/esbuild-linux-s390x/-/esbuild-linux-s390x-0.14.16.tgz#248de950b82064931872d8bad84560187da1efab"
  integrity sha512-DuW9MPGJAzUUBPI/olMkMMepCasTbPN1Xr2cKZZEEDIibcdRnuFrMYVk3G3I8/Qb6SZBNTSnZMAyhvYFrwAkqw==

esbuild-netbsd-64@0.14.16:
  version "0.14.16"
  resolved "https://registry.yarnpkg.com/esbuild-netbsd-64/-/esbuild-netbsd-64-0.14.16.tgz#330e546b55fb3665618a594dae6222faecc08ec4"
  integrity sha512-l8+mnz8iVsV0iL5v5JCuP0UTv2LwO1ORdJ/scMkGUl8WrC6cBmUrrHhg+pwREqjbD8TxjfUJVM1Vvt5E8SaTsg==

esbuild-openbsd-64@0.14.16:
  version "0.14.16"
  resolved "https://registry.yarnpkg.com/esbuild-openbsd-64/-/esbuild-openbsd-64-0.14.16.tgz#cca41262619dfd6c2b7ea4f128b14ac02d79028d"
  integrity sha512-8SbZNAV902FmcGnc+j86HWY8PyTD1H7T39RsPXXS5IC1psi3yzFr2d8NoOxb6cQd5XUVHmHT1naJsbtEAyKIPA==

esbuild-sunos-64@0.14.16:
  version "0.14.16"
  resolved "https://registry.yarnpkg.com/esbuild-sunos-64/-/esbuild-sunos-64-0.14.16.tgz#bb03853049171e6441a0fcc06f3ce04a693f86ba"
  integrity sha512-pMhe4uOaGjA/5YgeNoB0PRZi1V73D8sx876uFzuAxaZcYzLA5BsSbQeEccH182X6cBybE4Pm79kYedTSGOfwog==

esbuild-windows-32@0.14.16:
  version "0.14.16"
  resolved "https://registry.yarnpkg.com/esbuild-windows-32/-/esbuild-windows-32-0.14.16.tgz#ee5bbf56a857afc0196a1b02ef047ec3747eb646"
  integrity sha512-M68/EFCgji0DI+DgULx2ytUUSxwwODJDpiVc0YsiWKdyB4umKTu1GGxFfdZhXrWtPxB4aZFoIgJyDhsFxnHC4g==

esbuild-windows-64@0.14.16:
  version "0.14.16"
  resolved "https://registry.yarnpkg.com/esbuild-windows-64/-/esbuild-windows-64-0.14.16.tgz#9c030666fe881805677cc154090f491c71bac011"
  integrity sha512-rmSal1Co749CXSNyFJ62J5Fz/nZiFWhwMfYN9SwZazutKZ6s0QDRIhnupa93bJmzMzz4C2dqUV/VL1tqOI3y9g==

esbuild-windows-arm64@0.14.16:
  version "0.14.16"
  resolved "https://registry.yarnpkg.com/esbuild-windows-arm64/-/esbuild-windows-arm64-0.14.16.tgz#98f97821148f5b74de7b427109dee106b5350221"
  integrity sha512-VMfEf+MDgO+rulAuSeu3HNebSHa1TDn0lJp+QRk7E2WVg9OCSwuXUEkSbqIbkif3ZjASy7h9sTCGyHcqgKQTrg==

esbuild@^0.14.16:
  version "0.14.16"
  resolved "https://registry.yarnpkg.com/esbuild/-/esbuild-0.14.16.tgz#cfe5c35a6bacd7390b2a53a997cd6028eaa468d3"
  integrity sha512-niiWy7nesZFGCiDr0NR9/JLEhtZPYHG/ABYTqveNWvocw/gGI5rKHOj3+5yUv3yH10/geTlZiyVaNvjJWL9Xbw==
  optionalDependencies:
    esbuild-android-arm64 "0.14.16"
    esbuild-darwin-64 "0.14.16"
    esbuild-darwin-arm64 "0.14.16"
    esbuild-freebsd-64 "0.14.16"
    esbuild-freebsd-arm64 "0.14.16"
    esbuild-linux-32 "0.14.16"
    esbuild-linux-64 "0.14.16"
    esbuild-linux-arm "0.14.16"
    esbuild-linux-arm64 "0.14.16"
    esbuild-linux-mips64le "0.14.16"
    esbuild-linux-ppc64le "0.14.16"
    esbuild-linux-s390x "0.14.16"
    esbuild-netbsd-64 "0.14.16"
    esbuild-openbsd-64 "0.14.16"
    esbuild-sunos-64 "0.14.16"
    esbuild-windows-32 "0.14.16"
    esbuild-windows-64 "0.14.16"
    esbuild-windows-arm64 "0.14.16"

escalade@^3.1.1:
  version "3.1.1"
  resolved "https://registry.yarnpkg.com/escalade/-/escalade-3.1.1.tgz#d8cfdc7000965c5a0174b4a82eaa5c0552742e40"
  integrity sha512-k0er2gUkLf8O0zKJiAhmkTnJlTvINGv7ygDNPbeIsX/TJjGJZHuh9B2UxbsaEkmlEo9MfhrSzmhIlhRlI2GXnw==

escape-string-regexp@^1.0.5:
  version "1.0.5"
  resolved "https://registry.yarnpkg.com/escape-string-regexp/-/escape-string-regexp-1.0.5.tgz#1b61c0562190a8dff6ae3bb2cf0200ca130b86d4"
  integrity sha1-G2HAViGQqN/2rjuyzwIAyhMLhtQ=

fast-glob@^3.2.11:
  version "3.2.11"
  resolved "https://registry.yarnpkg.com/fast-glob/-/fast-glob-3.2.11.tgz#a1172ad95ceb8a16e20caa5c5e56480e5129c1d9"
  integrity sha512-xrO3+1bxSo3ZVHAnqzyuewYT6aMFHRAd4Kcs92MAonjwQZLsK9d0SF1IyQ3k5PoirxTW0Oe/RqFgMQ6TcNE5Ew==
  dependencies:
    "@nodelib/fs.stat" "^2.0.2"
    "@nodelib/fs.walk" "^1.2.3"
    glob-parent "^5.1.2"
    merge2 "^1.3.0"
    micromatch "^4.0.4"

fastq@^1.6.0:
  version "1.13.0"
  resolved "https://registry.yarnpkg.com/fastq/-/fastq-1.13.0.tgz#616760f88a7526bdfc596b7cab8c18938c36b98c"
  integrity sha512-YpkpUnK8od0o1hmeSc7UUs/eB/vIPWJYjKck2QKIzAf71Vm1AAQ3EbuZB3g2JIy+pg+ERD0vqI79KyZiB2e2Nw==
  dependencies:
    reusify "^1.0.4"

fill-range@^7.0.1:
  version "7.0.1"
  resolved "https://registry.yarnpkg.com/fill-range/-/fill-range-7.0.1.tgz#1919a6a7c75fe38b2c7c77e5198535da9acdda40"
  integrity sha512-qOo9F+dMUmC2Lcb4BbVvnKJxTPjCm+RRpe4gDuGrzkL7mEVl/djYSu2OdQ2Pa302N4oqkSg9ir6jaLWJ2USVpQ==
  dependencies:
    to-regex-range "^5.0.1"

fraction.js@^4.1.2:
  version "4.1.2"
  resolved "https://registry.yarnpkg.com/fraction.js/-/fraction.js-4.1.2.tgz#13e420a92422b6cf244dff8690ed89401029fbe8"
  integrity sha512-o2RiJQ6DZaR/5+Si0qJUIy637QMRudSi9kU/FFzx9EZazrIdnBgpU+3sEWCxAVhH2RtxW2Oz+T4p2o8uOPVcgA==

fsevents@~2.3.2:
  version "2.3.2"
  resolved "https://registry.yarnpkg.com/fsevents/-/fsevents-2.3.2.tgz#8a526f78b8fdf4623b709e0b975c52c24c02fd1a"
  integrity sha512-xiqMQR4xAeHTuB9uWm+fFRcIOgKBMiOBP+eXiyT7jsgVCq1bkVygt00oASowB7EdtpOHaaPgKt812P9ab+DDKA==

function-bind@^1.1.1:
  version "1.1.1"
  resolved "https://registry.yarnpkg.com/function-bind/-/function-bind-1.1.1.tgz#a56899d3ea3c9bab874bb9773b7c5ede92f4895d"
  integrity sha512-yIovAzMX49sF8Yl58fSCWJ5svSLuaibPxXQJFLmBObTuCr0Mf1KiPopGM9NiFjiYBCbfaa2Fh6breQ6ANVTI0A==

glob-parent@^5.1.2, glob-parent@~5.1.2:
  version "5.1.2"
  resolved "https://registry.yarnpkg.com/glob-parent/-/glob-parent-5.1.2.tgz#869832c58034fe68a4093c17dc15e8340d8401c4"
  integrity sha512-AOIgSQCepiJYwP3ARnGx+5VnTu2HBYdzbGP45eLw1vr3zB3vZLeyed1sC9hnbcOc9/SrMyM5RPQrkGz4aS9Zow==
  dependencies:
    is-glob "^4.0.1"

glob-parent@^6.0.2:
  version "6.0.2"
  resolved "https://registry.yarnpkg.com/glob-parent/-/glob-parent-6.0.2.tgz#6d237d99083950c79290f24c7642a3de9a28f9e3"
  integrity sha512-XxwI8EOhVQgWp6iDL+3b0r86f4d6AX6zSU55HfB4ydCEuXLXc5FcYeOu+nnGftS4TEju/11rt4KJPTMgbfmv4A==
  dependencies:
    is-glob "^4.0.3"

has-flag@^3.0.0:
  version "3.0.0"
  resolved "https://registry.yarnpkg.com/has-flag/-/has-flag-3.0.0.tgz#b5d454dc2199ae225699f3467e5a07f3b955bafd"
  integrity sha1-tdRU3CGZriJWmfNGfloH87lVuv0=

has-flag@^4.0.0:
  version "4.0.0"
  resolved "https://registry.yarnpkg.com/has-flag/-/has-flag-4.0.0.tgz#944771fd9c81c81265c4d6941860da06bb59479b"
  integrity sha512-EykJT/Q1KjTWctppgIAgfSO0tKVuZUjhgMr17kqTumMl6Afv3EISleU7qZUzoXDFTAHTDC4NOoG/ZxU3EvlMPQ==

has@^1.0.3:
  version "1.0.3"
  resolved "https://registry.yarnpkg.com/has/-/has-1.0.3.tgz#722d7cbfc1f6aa8241f16dd814e011e1f41e8796"
  integrity sha512-f2dvO0VU6Oej7RkWJGrehjbzMAjFp5/VKPp5tTpWIV4JHHZK1/BxbFRtf/siA2SWTe09caDmVtYYzWEIbBS4zw==
  dependencies:
    function-bind "^1.1.1"

hash-sum@^1.0.2:
  version "1.0.2"
  resolved "https://registry.yarnpkg.com/hash-sum/-/hash-sum-1.0.2.tgz#33b40777754c6432573c120cc3808bbd10d47f04"
  integrity sha1-M7QHd3VMZDJXPBIMw4CLvRDUfwQ=

he@^1.1.0:
  version "1.2.0"
  resolved "https://registry.yarnpkg.com/he/-/he-1.2.0.tgz#84ae65fa7eafb165fddb61566ae14baf05664f0f"
  integrity sha512-F/1DnUGPopORZi0ni+CvrCgHQ5FyEAHRLSApuYWMmrbSwoN2Mn/7k+Gl38gJnR7yyDZk6WLXwiGod1JOWNDKGw==

import-fresh@^3.2.1:
  version "3.3.0"
  resolved "https://registry.yarnpkg.com/import-fresh/-/import-fresh-3.3.0.tgz#37162c25fcb9ebaa2e6e53d5b4d88ce17d9e0c2b"
  integrity sha512-veYYhQa+D1QBKznvhUHxb8faxlrwUnxseDAbAp457E0wLNio2bOSKnjYDhMj+YiAq61xrMGhQk9iXVk5FzgQMw==
  dependencies:
    parent-module "^1.0.0"
    resolve-from "^4.0.0"

indexes-of@^1.0.1:
  version "1.0.1"
  resolved "https://registry.yarnpkg.com/indexes-of/-/indexes-of-1.0.1.tgz#f30f716c8e2bd346c7b67d3df3915566a7c05607"
  integrity sha1-8w9xbI4r00bHtn0985FVZqfAVgc=

is-arrayish@^0.2.1:
  version "0.2.1"
  resolved "https://registry.yarnpkg.com/is-arrayish/-/is-arrayish-0.2.1.tgz#77c99840527aa8ecb1a8ba697b80645a7a926a9d"
  integrity sha1-d8mYQFJ6qOyxqLppe4BkWnqSap0=

is-binary-path@~2.1.0:
  version "2.1.0"
  resolved "https://registry.yarnpkg.com/is-binary-path/-/is-binary-path-2.1.0.tgz#ea1f7f3b80f064236e83470f86c09c254fb45b09"
  integrity sha512-ZMERYes6pDydyuGidse7OsHxtbI7WVeUEozgR/g7rd0xUimYNlvZRE/K2MgZTjWy725IfelLeVcEM97mmtRGXw==
  dependencies:
    binary-extensions "^2.0.0"

is-core-module@^2.8.1:
  version "2.8.1"
  resolved "https://registry.yarnpkg.com/is-core-module/-/is-core-module-2.8.1.tgz#f59fdfca701d5879d0a6b100a40aa1560ce27211"
  integrity sha512-SdNCUs284hr40hFTFP6l0IfZ/RSrMXF3qgoRHd3/79unUTvrFO/JoXwkGm+5J/Oe3E/b5GsnG330uUNgRpu1PA==
  dependencies:
    has "^1.0.3"

is-extglob@^2.1.1:
  version "2.1.1"
  resolved "https://registry.yarnpkg.com/is-extglob/-/is-extglob-2.1.1.tgz#a88c02535791f02ed37c76a1b9ea9773c833f8c2"
  integrity sha1-qIwCU1eR8C7TfHahueqXc8gz+MI=

is-glob@^4.0.1, is-glob@^4.0.3, is-glob@~4.0.1:
  version "4.0.3"
  resolved "https://registry.yarnpkg.com/is-glob/-/is-glob-4.0.3.tgz#64f61e42cbbb2eec2071a9dac0b28ba1e65d5084"
  integrity sha512-xelSayHH36ZgE7ZWhli7pW34hNbNl8Ojv5KVmkJD4hBdD3th8Tfk9vYasLM+mXWOZhFkgZfxhLSnrwRr4elSSg==
  dependencies:
    is-extglob "^2.1.1"

is-number@^7.0.0:
  version "7.0.0"
  resolved "https://registry.yarnpkg.com/is-number/-/is-number-7.0.0.tgz#7535345b896734d5f80c4d06c50955527a14f12b"
  integrity sha512-41Cifkg6e8TylSpdtTpeLVMqvSBEVzTttHvERD741+pnZ8ANv0004MRL43QKPDlK9cGvNp6NZWZUBlbGXYxxng==

js-tokens@^4.0.0:
  version "4.0.0"
  resolved "https://registry.yarnpkg.com/js-tokens/-/js-tokens-4.0.0.tgz#19203fb59991df98e3a287050d4647cdeaf32499"
  integrity sha512-RdJUflcE3cUzKiMqQgsCu06FPu9UdIJO0beYbPhHN4k6apgJtifcoCtT9bcxOpYBtpD2kCM6Sbzg4CausW/PKQ==

json-parse-even-better-errors@^2.3.0:
  version "2.3.1"
  resolved "https://registry.yarnpkg.com/json-parse-even-better-errors/-/json-parse-even-better-errors-2.3.1.tgz#7c47805a94319928e05777405dc12e1f7a4ee02d"
  integrity sha512-xyFwyhro/JEof6Ghe2iz2NcXoj2sloNsWr/XsERDK/oiPCfaNhl5ONfp+jQdAZRQQ0IJWNzH9zIZF7li91kh2w==

json5@^1.0.1:
  version "1.0.1"
  resolved "https://registry.yarnpkg.com/json5/-/json5-1.0.1.tgz#779fb0018604fa854eacbf6252180d83543e3dbe"
  integrity sha512-aKS4WQjPenRxiQsC93MNfjx+nbF4PAdYzmd/1JIj8HYzqfbu86beTuNgXDzPknWk0n0uARlyewZo4s++ES36Ow==
  dependencies:
    minimist "^1.2.0"

lilconfig@^2.0.4:
  version "2.0.4"
  resolved "https://registry.yarnpkg.com/lilconfig/-/lilconfig-2.0.4.tgz#f4507d043d7058b380b6a8f5cb7bcd4b34cee082"
  integrity sha512-bfTIN7lEsiooCocSISTWXkiWJkRqtL9wYtYy+8EK3Y41qh3mpwPU0ycTOgjdY9ErwXCc8QyrQp82bdL0Xkm9yA==

lines-and-columns@^1.1.6:
  version "1.1.6"
  resolved "https://registry.yarnpkg.com/lines-and-columns/-/lines-and-columns-1.1.6.tgz#1c00c743b433cd0a4e80758f7b64a57440d9ff00"
  integrity sha1-HADHQ7QzzQpOgHWPe2SldEDZ/wA=

loader-utils@^1.0.2, loader-utils@^1.1.0:
  version "1.4.0"
  resolved "https://registry.yarnpkg.com/loader-utils/-/loader-utils-1.4.0.tgz#c579b5e34cb34b1a74edc6c1fb36bfa371d5a613"
  integrity sha512-qH0WSMBtn/oHuwjy/NucEgbx5dbxxnxup9s4PVXJUDHZBQY+s0NWA9rJf53RBnQZxfch7euUui7hpoAPvALZdA==
  dependencies:
    big.js "^5.2.2"
    emojis-list "^3.0.0"
    json5 "^1.0.1"

lru-cache@^4.1.2:
  version "4.1.5"
  resolved "https://registry.yarnpkg.com/lru-cache/-/lru-cache-4.1.5.tgz#8bbe50ea85bed59bc9e33dcab8235ee9bcf443cd"
  integrity sha512-sWZlbEP2OsHNkXrMl5GYk/jKk70MBng6UU4YI/qGDYbgf6YbP4EvmqISbXCoJiRKs+1bSpFHVgQxvJ17F2li5g==
  dependencies:
    pseudomap "^1.0.2"
    yallist "^2.1.2"

merge-source-map@^1.1.0:
  version "1.1.0"
  resolved "https://registry.yarnpkg.com/merge-source-map/-/merge-source-map-1.1.0.tgz#2fdde7e6020939f70906a68f2d7ae685e4c8c646"
  integrity sha512-Qkcp7P2ygktpMPh2mCQZaf3jhN6D3Z/qVZHSdWvQ+2Ef5HgRAPBO57A77+ENm0CPx2+1Ce/MYKi3ymqdfuqibw==
  dependencies:
    source-map "^0.6.1"

merge2@^1.3.0:
  version "1.4.1"
  resolved "https://registry.yarnpkg.com/merge2/-/merge2-1.4.1.tgz#4368892f885e907455a6fd7dc55c0c9d404990ae"
  integrity sha512-8q7VEgMJW4J8tcfVPy8g09NcQwZdbwFEqhe/WZkoIzjn/3TGDwtOCYtXGxA3O8tPzpczCCDgv+P2P5y00ZJOOg==

micromatch@^4.0.4:
  version "4.0.4"
  resolved "https://registry.yarnpkg.com/micromatch/-/micromatch-4.0.4.tgz#896d519dfe9db25fce94ceb7a500919bf881ebf9"
  integrity sha512-pRmzw/XUcwXGpD9aI9q/0XOwLNygjETJ8y0ao0wdqprrzDa4YnxLcz7fQRZr8voh8V10kGhABbNcHVk5wHgWwg==
  dependencies:
    braces "^3.0.1"
    picomatch "^2.2.3"

minimist@^1.1.1, minimist@^1.2.0:
  version "1.2.5"
  resolved "https://registry.yarnpkg.com/minimist/-/minimist-1.2.5.tgz#67d66014b66a6a8aaa0c083c5fd58df4e4e97602"
  integrity sha512-FM9nNUYrRBAELZQT3xeZQ7fmMOBg6nWNmJKTcgsJeaLstP/UODVpGsr5OhXhhXg6f+qtJ8uiZ+PUxkDWcgIXLw==

nanoid@^3.2.0:
  version "3.2.0"
  resolved "https://registry.yarnpkg.com/nanoid/-/nanoid-3.2.0.tgz#62667522da6673971cca916a6d3eff3f415ff80c"
  integrity sha512-fmsZYa9lpn69Ad5eDn7FMcnnSR+8R34W9qJEijxYhTbfOWzr22n1QxCMzXLK+ODyW2973V3Fux959iQoUxzUIA==

node-releases@^2.0.1:
  version "2.0.1"
  resolved "https://registry.yarnpkg.com/node-releases/-/node-releases-2.0.1.tgz#3d1d395f204f1f2f29a54358b9fb678765ad2fc5"
  integrity sha512-CqyzN6z7Q6aMeF/ktcMVTzhAHCEpf8SOarwpzpf8pNBY2k5/oM34UHldUwp8VKI7uxct2HxSRdJjBaZeESzcxA==

normalize-path@^3.0.0, normalize-path@~3.0.0:
  version "3.0.0"
  resolved "https://registry.yarnpkg.com/normalize-path/-/normalize-path-3.0.0.tgz#0dcd69ff23a1c9b11fd0978316644a0388216a65"
  integrity sha512-6eZs5Ls3WtCisHWp9S2GUy8dqkpGi4BVSz3GaqiE6ezub0512ESztXUwUB6C6IKbQkY2Pnb/mD4WYojCRwcwLA==

normalize-range@^0.1.2:
  version "0.1.2"
  resolved "https://registry.yarnpkg.com/normalize-range/-/normalize-range-0.1.2.tgz#2d10c06bdfd312ea9777695a4d28439456b75942"
  integrity sha1-LRDAa9/TEuqXd2laTShDlFa3WUI=

object-hash@^2.2.0:
  version "2.2.0"
  resolved "https://registry.yarnpkg.com/object-hash/-/object-hash-2.2.0.tgz#5ad518581eefc443bd763472b8ff2e9c2c0d54a5"
  integrity sha512-gScRMn0bS5fH+IuwyIFgnh9zBdo4DV+6GhygmWM9HyNJSgS0hScp1f5vjtm7oIIOiT9trXrShAkLFSc2IqKNgw==

parent-module@^1.0.0:
  version "1.0.1"
  resolved "https://registry.yarnpkg.com/parent-module/-/parent-module-1.0.1.tgz#691d2709e78c79fae3a156622452d00762caaaa2"
  integrity sha512-GQ2EWRpQV8/o+Aw8YqtfZZPfNRWZYkbidE9k5rpl/hC3vtHHBfGm2Ifi6qWV+coDGkrUKZAxE3Lot5kcsRlh+g==
  dependencies:
    callsites "^3.0.0"

parse-json@^5.0.0:
  version "5.1.0"
  resolved "https://registry.yarnpkg.com/parse-json/-/parse-json-5.1.0.tgz#f96088cdf24a8faa9aea9a009f2d9d942c999646"
  integrity sha512-+mi/lmVVNKFNVyLXV31ERiy2CY5E1/F6QtJFEzoChPRwwngMNXRDQ9GJ5WdE2Z2P4AujsOi0/+2qHID68KwfIQ==
  dependencies:
    "@babel/code-frame" "^7.0.0"
    error-ex "^1.3.1"
    json-parse-even-better-errors "^2.3.0"
    lines-and-columns "^1.1.6"

path-parse@^1.0.7:
  version "1.0.7"
  resolved "https://registry.yarnpkg.com/path-parse/-/path-parse-1.0.7.tgz#fbc114b60ca42b30d9daf5858e4bd68bbedb6735"
  integrity sha512-LDJzPVEEEPR+y48z93A0Ed0yXb8pAByGWo/k5YYdYgpY2/2EsOsksJrq7lOHxryrVOn1ejG6oAp8ahvOIQD8sw==

path-type@^4.0.0:
  version "4.0.0"
  resolved "https://registry.yarnpkg.com/path-type/-/path-type-4.0.0.tgz#84ed01c0a7ba380afe09d90a8c180dcd9d03043b"
  integrity sha512-gDKb8aZMDeD/tZWs9P6+q0J9Mwkdl6xMV8TjnGP3qJVJ06bdMgkbBlLU8IdfOsIsFz2BW1rNVT3XuNEl8zPAvw==

picocolors@^0.2.1:
  version "0.2.1"
  resolved "https://registry.yarnpkg.com/picocolors/-/picocolors-0.2.1.tgz#570670f793646851d1ba135996962abad587859f"
  integrity sha512-cMlDqaLEqfSaW8Z7N5Jw+lyIW869EzT73/F5lhtY9cLGoVxSXznfgfXMO0Z5K0o0Q2TkTXq+0KFsdnSe3jDViA==

picocolors@^1.0.0:
  version "1.0.0"
  resolved "https://registry.yarnpkg.com/picocolors/-/picocolors-1.0.0.tgz#cb5bdc74ff3f51892236eaf79d68bc44564ab81c"
  integrity sha512-1fygroTLlHu66zi26VoTDv8yRgm0Fccecssto+MhsZ0D/DGW2sm8E8AjW7NU5VVTRt5GxbeZ5qBuJr+HyLYkjQ==

picomatch@^2.0.4, picomatch@^2.2.1, picomatch@^2.2.3:
  version "2.3.1"
  resolved "https://registry.yarnpkg.com/picomatch/-/picomatch-2.3.1.tgz#3ba3833733646d9d3e4995946c1365a67fb07a42"
  integrity sha512-JU3teHTNjmE2VCGFzuY8EXzCDVwEqB2a8fsIvwaStHhAWJEeVd1o1QD80CU6+ZdEXXSLbSsuLwJjkCBWqRQUVA==

postcss-js@^4.0.0:
  version "4.0.0"
  resolved "https://registry.yarnpkg.com/postcss-js/-/postcss-js-4.0.0.tgz#31db79889531b80dc7bc9b0ad283e418dce0ac00"
  integrity sha512-77QESFBwgX4irogGVPgQ5s07vLvFqWr228qZY+w6lW599cRlK/HmnlivnnVUxkjHnCu4J16PDMHcH+e+2HbvTQ==
  dependencies:
    camelcase-css "^2.0.1"

postcss-load-config@^3.1.0:
  version "3.1.1"
  resolved "https://registry.yarnpkg.com/postcss-load-config/-/postcss-load-config-3.1.1.tgz#2f53a17f2f543d9e63864460af42efdac0d41f87"
  integrity sha512-c/9XYboIbSEUZpiD1UQD0IKiUe8n9WHYV7YFe7X7J+ZwCsEKkUJSFWjS9hBU1RR9THR7jMXst8sxiqP0jjo2mg==
  dependencies:
    lilconfig "^2.0.4"
    yaml "^1.10.2"

postcss-nested@5.0.6:
  version "5.0.6"
  resolved "https://registry.yarnpkg.com/postcss-nested/-/postcss-nested-5.0.6.tgz#466343f7fc8d3d46af3e7dba3fcd47d052a945bc"
  integrity sha512-rKqm2Fk0KbA8Vt3AdGN0FB9OBOMDVajMG6ZCf/GoHgdxUJ4sBFp0A/uMIRm+MJUdo33YXEtjqIz8u7DAp8B7DA==
  dependencies:
    postcss-selector-parser "^6.0.6"

postcss-selector-parser@^6.0.2:
  version "6.0.4"
  resolved "https://registry.yarnpkg.com/postcss-selector-parser/-/postcss-selector-parser-6.0.4.tgz#56075a1380a04604c38b063ea7767a129af5c2b3"
  integrity sha512-gjMeXBempyInaBqpp8gODmwZ52WaYsVOsfr4L4lDQ7n3ncD6mEyySiDtgzCT+NYC0mmeOLvtsF8iaEf0YT6dBw==
  dependencies:
    cssesc "^3.0.0"
    indexes-of "^1.0.1"
    uniq "^1.0.1"
    util-deprecate "^1.0.2"

postcss-selector-parser@^6.0.6, postcss-selector-parser@^6.0.9:
  version "6.0.9"
  resolved "https://registry.yarnpkg.com/postcss-selector-parser/-/postcss-selector-parser-6.0.9.tgz#ee71c3b9ff63d9cd130838876c13a2ec1a992b2f"
  integrity sha512-UO3SgnZOVTwu4kyLR22UQ1xZh086RyNZppb7lLAKBFK8a32ttG5i87Y/P3+2bRSjZNyJ1B7hfFNo273tKe9YxQ==
  dependencies:
    cssesc "^3.0.0"
    util-deprecate "^1.0.2"

postcss-value-parser@^4.2.0:
  version "4.2.0"
  resolved "https://registry.yarnpkg.com/postcss-value-parser/-/postcss-value-parser-4.2.0.tgz#723c09920836ba6d3e5af019f92bc0971c02e514"
  integrity sha512-1NNCs6uurfkVbeXG4S8JFT9t19m45ICnif8zWLd5oPSZ50QnwMfK+H3jv408d4jw/7Bttv5axS5IiHoLaVNHeQ==

postcss@^7.0.14:
  version "7.0.39"
  resolved "https://registry.yarnpkg.com/postcss/-/postcss-7.0.39.tgz#9624375d965630e2e1f2c02a935c82a59cb48309"
  integrity sha512-yioayjNbHn6z1/Bywyb2Y4s3yvDAeXGOyxqD+LnVOinq6Mdmd++SW2wUNVzavyyHxd6+DxzWGIuosg6P1Rj8uA==
  dependencies:
    picocolors "^0.2.1"
    source-map "^0.6.1"

postcss@^8.4.6:
  version "8.4.6"
  resolved "https://registry.yarnpkg.com/postcss/-/postcss-8.4.6.tgz#c5ff3c3c457a23864f32cb45ac9b741498a09ae1"
  integrity sha512-OovjwIzs9Te46vlEx7+uXB0PLijpwjXGKXjVGGPIGubGpq7uh5Xgf6D6FiJ/SzJMBosHDp6a2hiXOS97iBXcaA==
  dependencies:
    nanoid "^3.2.0"
    picocolors "^1.0.0"
    source-map-js "^1.0.2"

prettier@^1.18.2:
  version "1.19.1"
  resolved "https://registry.yarnpkg.com/prettier/-/prettier-1.19.1.tgz#f7d7f5ff8a9cd872a7be4ca142095956a60797cb"
  integrity sha512-s7PoyDv/II1ObgQunCbB9PdLmUcBZcnWOcxDh7O0N/UwDEsHyqkW+Qh28jW+mVuCdx7gLB0BotYI1Y6uI9iyew==

pseudomap@^1.0.2:
  version "1.0.2"
  resolved "https://registry.yarnpkg.com/pseudomap/-/pseudomap-1.0.2.tgz#f052a28da70e618917ef0a8ac34c1ae5a68286b3"
  integrity sha1-8FKijacOYYkX7wqKw0wa5aaChrM=

queue-microtask@^1.2.2:
  version "1.2.3"
  resolved "https://registry.yarnpkg.com/queue-microtask/-/queue-microtask-1.2.3.tgz#4929228bbc724dfac43e0efb058caf7b6cfb6243"
  integrity sha512-NuaNSa6flKT5JaSYQzJok04JzTL1CA6aGhv5rfLW3PgqA+M2ChpZQnAC8h8i4ZFkBS8X5RqkDBHA7r4hej3K9A==

quick-lru@^5.1.1:
  version "5.1.1"
  resolved "https://registry.yarnpkg.com/quick-lru/-/quick-lru-5.1.1.tgz#366493e6b3e42a3a6885e2e99d18f80fb7a8c932"
  integrity sha512-WuyALRjWPDGtt/wzJiadO5AXY+8hZ80hVpe6MyivgraREW751X3SbhRvG3eLKOYN+8VEvqLcf3wdnt44Z4S4SA==

readdirp@~3.6.0:
  version "3.6.0"
  resolved "https://registry.yarnpkg.com/readdirp/-/readdirp-3.6.0.tgz#74a370bd857116e245b29cc97340cd431a02a6c7"
  integrity sha512-hOS089on8RduqdbhvQ5Z37A0ESjsqz6qnRcffsMU3495FuTdqSm+7bhJ29JvIOsBDEEnan5DPu9t3To9VRlMzA==
  dependencies:
    picomatch "^2.2.1"

resolve-from@^4.0.0:
  version "4.0.0"
  resolved "https://registry.yarnpkg.com/resolve-from/-/resolve-from-4.0.0.tgz#4abcd852ad32dd7baabfe9b40e00a36db5f392e6"
  integrity sha512-pb/MYmXstAkysRFx8piNI1tGFNQIFA3vkE3Gq4EuA1dF6gHp/+vgZqsCGJapvy8N3Q+4o7FwvquPJcnZ7RYy4g==

resolve@^1.21.0:
  version "1.22.0"
  resolved "https://registry.yarnpkg.com/resolve/-/resolve-1.22.0.tgz#5e0b8c67c15df57a89bdbabe603a002f21731198"
  integrity sha512-Hhtrw0nLeSrFQ7phPp4OOcVjLPIeMnRlr5mcnVuMe7M/7eBn98A3hmFRLoFo3DLZkivSYwhRUJTyPyWAk56WLw==
  dependencies:
    is-core-module "^2.8.1"
    path-parse "^1.0.7"
    supports-preserve-symlinks-flag "^1.0.0"

reusify@^1.0.4:
  version "1.0.4"
  resolved "https://registry.yarnpkg.com/reusify/-/reusify-1.0.4.tgz#90da382b1e126efc02146e90845a88db12925d76"
  integrity sha512-U9nH88a3fc/ekCF1l0/UP1IosiuIjyTh7hBvXVMHYgVcfGvt897Xguj2UOLDeI5BG2m7/uwyaLVT6fbtCwTyzw==

run-parallel@^1.1.9:
  version "1.2.0"
  resolved "https://registry.yarnpkg.com/run-parallel/-/run-parallel-1.2.0.tgz#66d1368da7bdf921eb9d95bd1a9229e7f21a43ee"
  integrity sha512-5l4VyZR86LZ/lDxZTR6jqL8AFE2S0IFLMP26AbjsLVADxHdhB/c0GUsH+y39UfCi3dzz8OlQuPmnaJOMoDHQBA==
  dependencies:
    queue-microtask "^1.2.2"

source-map-js@^1.0.2:
  version "1.0.2"
  resolved "https://registry.yarnpkg.com/source-map-js/-/source-map-js-1.0.2.tgz#adbc361d9c62df380125e7f161f71c826f1e490c"
  integrity sha512-R0XvVJ9WusLiqTCEiGCmICCMplcCkIwwR11mOSD9CR5u+IXYdiseeEuXCVAjS54zqwkLcPNnmU4OeJ6tUrWhDw==

source-map@^0.6.1, source-map@~0.6.1:
  version "0.6.1"
  resolved "https://registry.yarnpkg.com/source-map/-/source-map-0.6.1.tgz#74722af32e9614e9c287a8d0bbde48b5e2f1a263"
  integrity sha512-UjgapumWlbMhkBgzT7Ykc5YXUT46F0iKu8SGXq0bcwP5dz/h0Plj6enJqjz1Zbq2l5WaqYnrVbwWOWMyF3F47g==

spark-md5@^3.0.0:
  version "3.0.1"
  resolved "https://registry.yarnpkg.com/spark-md5/-/spark-md5-3.0.1.tgz#83a0e255734f2ab4e5c466e5a2cfc9ba2aa2124d"
  integrity sha512-0tF3AGSD1ppQeuffsLDIOWlKUd3lS92tFxcsrh5Pe3ZphhnoK+oXIBTzOAThZCiuINZLvpiLH/1VS1/ANEJVig==

supports-color@^5.3.0:
  version "5.5.0"
  resolved "https://registry.yarnpkg.com/supports-color/-/supports-color-5.5.0.tgz#e2e69a44ac8772f78a1ec0b35b689df6530efc8f"
  integrity sha512-QjVjwdXIt408MIiAqCX4oUKsgU2EqAGzs2Ppkm4aQYbjm+ZEWEcW4SfFNTr4uMNZma0ey4f5lgLrkB0aX0QMow==
  dependencies:
    has-flag "^3.0.0"

supports-color@^7.1.0:
  version "7.2.0"
  resolved "https://registry.yarnpkg.com/supports-color/-/supports-color-7.2.0.tgz#1b7dcdcb32b8138801b3e478ba6a51caa89648da"
  integrity sha512-qpCAvRl9stuOHveKsn7HncJRvv501qIacKzQlO/+Lwxc9+0q2wLyv4Dfvt80/DPn2pqOBsJdDiogXGR9+OvwRw==
  dependencies:
    has-flag "^4.0.0"

supports-preserve-symlinks-flag@^1.0.0:
  version "1.0.0"
  resolved "https://registry.yarnpkg.com/supports-preserve-symlinks-flag/-/supports-preserve-symlinks-flag-1.0.0.tgz#6eda4bd344a3c94aea376d4cc31bc77311039e09"
  integrity sha512-ot0WnXS9fgdkgIcePe6RHNk1WA8+muPa6cSjeR3V8K27q9BB1rTE3R1p7Hv0z1ZyAc8s6Vvv8DIyWf681MAt0w==

tailwindcss@^3.0.18:
  version "3.0.18"
  resolved "https://registry.yarnpkg.com/tailwindcss/-/tailwindcss-3.0.18.tgz#ea4825e6496d77dc21877b6b61c7cc56cda3add5"
  integrity sha512-ihPTpEyA5ANgZbwKlgrbfnzOp9R5vDHFWmqxB1PT8NwOGCOFVVMl+Ps1cQQ369acaqqf1BEF77roCwK0lvNmTw==
  dependencies:
    arg "^5.0.1"
    chalk "^4.1.2"
    chokidar "^3.5.3"
    color-name "^1.1.4"
    cosmiconfig "^7.0.1"
    detective "^5.2.0"
    didyoumean "^1.2.2"
    dlv "^1.1.3"
    fast-glob "^3.2.11"
    glob-parent "^6.0.2"
    is-glob "^4.0.3"
    normalize-path "^3.0.0"
    object-hash "^2.2.0"
    postcss-js "^4.0.0"
    postcss-load-config "^3.1.0"
    postcss-nested "5.0.6"
    postcss-selector-parser "^6.0.9"
    postcss-value-parser "^4.2.0"
    quick-lru "^5.1.1"
    resolve "^1.21.0"

to-regex-range@^5.0.1:
  version "5.0.1"
  resolved "https://registry.yarnpkg.com/to-regex-range/-/to-regex-range-5.0.1.tgz#1648c44aae7c8d988a326018ed72f5b4dd0392e4"
  integrity sha512-65P7iz6X5yEr1cwcgvQxbbIw7Uk3gOy5dIdtZ4rDveLqhrdJP+Li/Hx6tyK0NEb+2GCyneCMJiGqrADCSNk8sQ==
  dependencies:
    is-number "^7.0.0"

uniq@^1.0.1:
  version "1.0.1"
  resolved "https://registry.yarnpkg.com/uniq/-/uniq-1.0.1.tgz#b31c5ae8254844a3a8281541ce2b04b865a734ff"
  integrity sha1-sxxa6CVIRKOoKBVBzisEuGWnNP8=

util-deprecate@^1.0.2:
  version "1.0.2"
  resolved "https://registry.yarnpkg.com/util-deprecate/-/util-deprecate-1.0.2.tgz#450d4dc9fa70de732762fbd2d4a28981419a0ccf"
  integrity sha1-RQ1Nyfpw3nMnYvvS1KKJgUGaDM8=

vue-hot-reload-api@^2.3.0:
  version "2.3.4"
  resolved "https://registry.yarnpkg.com/vue-hot-reload-api/-/vue-hot-reload-api-2.3.4.tgz#532955cc1eb208a3d990b3a9f9a70574657e08f2"
  integrity sha512-BXq3jwIagosjgNVae6tkHzzIk6a8MHFtzAdwhnV5VlvPTFxDCvIttgSiHWjdGoTJvXtmRu5HacExfdarRcFhog==

vue-loader@^15.9.2:
  version "15.9.3"
  resolved "https://registry.yarnpkg.com/vue-loader/-/vue-loader-15.9.3.tgz#0de35d9e555d3ed53969516cac5ce25531299dda"
  integrity sha512-Y67VnGGgVLH5Voostx8JBZgPQTlDQeOVBLOEsjc2cXbCYBKexSKEpOA56x0YZofoDOTszrLnIShyOX1p9uCEHA==
  dependencies:
    "@vue/component-compiler-utils" "^3.1.0"
    hash-sum "^1.0.2"
    loader-utils "^1.1.0"
    vue-hot-reload-api "^2.3.0"
    vue-style-loader "^4.1.0"

vue-style-loader@^4.1.0:
  version "4.1.2"
  resolved "https://registry.yarnpkg.com/vue-style-loader/-/vue-style-loader-4.1.2.tgz#dedf349806f25ceb4e64f3ad7c0a44fba735fcf8"
  integrity sha512-0ip8ge6Gzz/Bk0iHovU9XAUQaFt/G2B61bnWa2tCcqqdgfHs1lF9xXorFbE55Gmy92okFT+8bfmySuUOu13vxQ==
  dependencies:
    hash-sum "^1.0.2"
    loader-utils "^1.0.2"

vue-template-compiler@^2.6.11:
  version "2.6.12"
  resolved "https://registry.yarnpkg.com/vue-template-compiler/-/vue-template-compiler-2.6.12.tgz#947ed7196744c8a5285ebe1233fe960437fcc57e"
  integrity sha512-OzzZ52zS41YUbkCBfdXShQTe69j1gQDZ9HIX8miuC9C3rBCk9wIRjLiZZLrmX9V+Ftq/YEyv1JaVr5Y/hNtByg==
  dependencies:
    de-indent "^1.0.2"
    he "^1.1.0"

vue-template-es2015-compiler@^1.9.0:
  version "1.9.1"
  resolved "https://registry.yarnpkg.com/vue-template-es2015-compiler/-/vue-template-es2015-compiler-1.9.1.tgz#1ee3bc9a16ecbf5118be334bb15f9c46f82f5825"
  integrity sha512-4gDntzrifFnCEvyoO8PqyJDmguXgVPxKiIxrBKjIowvL9l+N66196+72XVYR8BBf1Uv1Fgt3bGevJ+sEmxfZzw==

vue@^2.6.11:
  version "2.6.12"
  resolved "https://registry.yarnpkg.com/vue/-/vue-2.6.12.tgz#f5ebd4fa6bd2869403e29a896aed4904456c9123"
  integrity sha512-uhmLFETqPPNyuLLbsKz6ioJ4q7AZHzD8ZVFNATNyICSZouqP2Sz0rotWQC8UNBF6VGSCs5abnKJoStA6JbCbfg==

xtend@^4.0.2:
  version "4.0.2"
  resolved "https://registry.yarnpkg.com/xtend/-/xtend-4.0.2.tgz#bb72779f5fa465186b1f438f674fa347fdb5db54"
  integrity sha512-LKYU1iAXJXUgAXn9URjiu+MWhyUXHsvfp7mcuYm9dSUKK0/CjtrUwFAxD82/mCWbtLsGjFIad0wIsod4zrTAEQ==

yallist@^2.1.2:
  version "2.1.2"
  resolved "https://registry.yarnpkg.com/yallist/-/yallist-2.1.2.tgz#1c11f9218f076089a47dd512f93c6699a6a81d52"
  integrity sha1-HBH5IY8HYImkfdUS+TxmmaaoHVI=

yaml@^1.10.0, yaml@^1.10.2:
  version "1.10.2"
  resolved "https://registry.yarnpkg.com/yaml/-/yaml-1.10.2.tgz#2301c5ffbf12b467de8da2333a459e29e7920e4b"
  integrity sha512-r3vXyErRCYJ7wg28yvBY5VSoAF8ZvlcW9/BwUzEtUsjvX/DKs24dIkuwjtuprwJJHsbyUbLApepYTR1BN4uHrg==
