# THIS IS AN AUTOGENERATED FILE. DO NOT EDIT THIS FILE DIRECTLY.
# yarn lockfile v1


json-tree-view@^0.4.12:
  version "0.4.12"
  resolved "https://registry.yarnpkg.com/json-tree-view/-/json-tree-view-0.4.12.tgz#634307024bd9b5069bcfd15379030942f95c6a57"
  integrity sha512-p6si1qYiJQuJdL/KUCuAXmxWllIpZqyCCbcmIBD9k2M01JZVgzyYq9hVcTxeiy1rPgTiyZRVA86U92Ymw63dUQ==
